# This file is autogenerated, do not edit; changes may be undone by the next 'dep ensure'.


[[projects]]
  name = "github.com/davecgh/go-spew"
  packages = ["spew"]
  revision = "8991bc29aa16c548c550c7ff78260e27b9ab7c73"
  version = "v1.1.1"

[[projects]]
  name = "github.com/golang/protobuf"
  packages = ["proto","ptypes","ptypes/any","ptypes/duration","ptypes/timestamp"]
  revision = "4846b58453b3708320bdb524f25cc5a1d9cda4d4"
  version = "v1.4.3"

[[projects]]
  name = "github.com/grpc-ecosystem/go-grpc-middleware"
  packages = [".","retry","util/backoffutils","util/metautils"]
  revision = "df0f91b29bbbdfc3a686a7a8edbe2b9de2072fdd"
  version = "v1.3.0"

[[projects]]
  name = "github.com/pmezard/go-difflib"
  packages = ["difflib"]
  revision = "792786c7400a136282c1664665ae0a8db921c6c2"
  version = "v1.0.0"

[[projects]]
  name = "github.com/stretchr/testify"
  packages = ["assert"]
  revision = "ffdc059bfe9ce6a4e144ba849dbedead332c6053"
  version = "v1.3.0"

[[projects]]
  name = "golang.org/x/net"
  packages = ["context","http/httpguts","http2","http2/hpack","idna","internal/timeseries","trace"]
  revision = "c89045814202410a2d67ec20ecf177ec77ceae7f"

[[projects]]
  branch = "master"
  name = "golang.org/x/sys"
  packages = ["unix"]
  revision = "11f53e03133963fb11ae0588e08b5e0b85be8be5"

[[projects]]
  name = "golang.org/x/text"
  packages = ["collate","collate/build","internal/colltab","internal/gen","internal/tag","internal/triegen","internal/ucd","language","secure/bidirule","transform","unicode/bidi","unicode/cldr","unicode/norm","unicode/rangetable"]
  revision = "f21a4dfb5e38f5895301dc265a8def02365cc3d0"
  version = "v0.3.0"

[[projects]]
  branch = "master"
  name = "google.golang.org/genproto"
  packages = ["googleapis/rpc/status"]
  revision = "db91494dd46c1fdcbbde05e5ff5eb56df8f7d79a"

[[projects]]
  name = "google.golang.org/grpc"
  packages = [".","attributes","backoff","balancer","balancer/base","balancer/grpclb/state","balancer/roundrobin","binarylog/grpc_binarylog_v1","codes","connectivity","credentials","credentials/insecure","encoding","encoding/proto","grpclog","internal","internal/backoff","internal/balancerload","internal/binarylog","internal/buffer","internal/channelz","internal/credentials","internal/envconfig","internal/grpclog","internal/grpcrand","internal/grpcsync","internal/grpcutil","internal/metadata","internal/resolver","internal/resolver/dns","internal/resolver/passthrough","internal/resolver/unix","internal/serviceconfig","internal/status","internal/syscall","internal/transport","internal/transport/networktype","keepalive","metadata","peer","resolver","serviceconfig","stats","status","tap"]
  revision = "14c11384b76b67f7b1b32a5d18f865762634c0ae"
  version = "v1.43.0"

[[projects]]
  name = "google.golang.org/protobuf"
  packages = ["encoding/prototext","encoding/protowire","internal/descfmt","internal/descopts","internal/detrand","internal/encoding/defval","internal/encoding/messageset","internal/encoding/tag","internal/encoding/text","internal/errors","internal/filedesc","internal/filetype","internal/flags","internal/genid","internal/impl","internal/order","internal/pragma","internal/set","internal/strs","internal/version","proto","reflect/protoreflect","reflect/protoregistry","runtime/protoiface","runtime/protoimpl","types/known/anypb","types/known/durationpb","types/known/timestamppb"]
  revision = "b92717ecb630d4a4824b372bf98c729d87311a4d"
  version = "v1.27.1"

[[projects]]
  branch = "v1"
  name = "gopkg.in/karalabe/cookiejar.v1"
  packages = ["collections/deque"]
  revision = "e1490cae028c5c8f19efeea5b11f5c4e3275ce05"

[solve-meta]
  analyzer-name = "dep"
  analyzer-version = 1
  inputs-digest = "82bc9deeb47682daec1fdf9bd0e939a4230016cd6effb36aeeb90428509042cb"
  solver-name = "gps-cdcl"
  solver-version = 1
